
Microsoft Visual Studio Solution File, Format Version 12.00
# Visual Studio Version 17
VisualStudioVersion = 17.11.35303.130
MinimumVisualStudioVersion = 10.0.40219.1
Project("{FAE04EC0-301F-11D3-BF4B-00C04F79EFBC}") = "Shopping_cart_MVCUI", "Shopping_cart_MVCUI\Shopping_cart_MVCUI.csproj", "{8F780EA8-0522-4787-8575-C7ABCF2C3496}"
EndProject
Global
	GlobalSection(SolutionConfigurationPlatforms) = preSolution
		Debug|Any CPU = Debug|Any CPU
		Release|Any CPU = Release|Any CPU
	EndGlobalSection
	GlobalSection(ProjectConfigurationPlatforms) = postSolution
		{8F780EA8-0522-4787-8575-C7ABCF2C3496}.Debug|Any CPU.ActiveCfg = Debug|Any CPU
		{8F780EA8-0522-4787-8575-C7ABCF2C3496}.Debug|Any CPU.Build.0 = Debug|Any CPU
		{8F780EA8-0522-4787-8575-C7ABCF2C3496}.Release|Any CPU.ActiveCfg = Release|Any CPU
		{8F780EA8-0522-4787-8575-C7ABCF2C3496}.Release|Any CPU.Build.0 = Release|Any CPU
	EndGlobalSection
	GlobalSection(SolutionProperties) = preSolution
		HideSolutionNode = FALSE
	EndGlobalSection
	GlobalSection(ExtensibilityGlobals) = postSolution
		SolutionGuid = {8385ED32-B540-466B-8E03-8E65837DFE0A}
	EndGlobalSection
EndGlobal
